
Microsoft Visual Studio Solution File, Format Version 12.00
# Visual Studio 2012
Project("{8BC9CEB8-8B4A-11D0-8D11-00A0C91BC942}") = "FP_PP_1_20141522_박상욱", "FP_PP_1_20141522_박상욱\FP_PP_1_20141522_박상욱.vcxproj", "{8CBB3D82-B9C2-4806-9229-61AD0196A96C}"
EndProject
Global
	GlobalSection(SolutionConfigurationPlatforms) = preSolution
		Debug|Win32 = Debug|Win32
		Release|Win32 = Release|Win32
	EndGlobalSection
	GlobalSection(ProjectConfigurationPlatforms) = postSolution
		{8CBB3D82-B9C2-4806-9229-61AD0196A96C}.Debug|Win32.ActiveCfg = Debug|Win32
		{8CBB3D82-B9C2-4806-9229-61AD0196A96C}.Debug|Win32.Build.0 = Debug|Win32
		{8CBB3D82-B9C2-4806-9229-61AD0196A96C}.Release|Win32.ActiveCfg = Release|Win32
		{8CBB3D82-B9C2-4806-9229-61AD0196A96C}.Release|Win32.Build.0 = Release|Win32
	EndGlobalSection
	GlobalSection(SolutionProperties) = preSolution
		HideSolutionNode = FALSE
	EndGlobalSection
EndGlobal
